
Microsoft Visual Studio Solution File, Format Version 12.00
# Visual Studio Version 17
VisualStudioVersion = 17.3.32929.385
MinimumVisualStudioVersion = 10.0.40219.1
Project("{FAE04EC0-301F-11D3-BF4B-00C04F79EFBC}") = "HospitalsCRM", "Hospital\HospitalsCRM.csproj", "{AA48B9FE-1D3A-461A-9EA4-A2625B6E40B2}"
EndProject
Project("{2150E333-8FDC-42A3-9474-1A3956D46DE8}") = "InformationProgram", "InformationProgram", "{3390312B-8E99-427F-9D39-0643D4D1A026}"
	ProjectSection(SolutionItems) = preProject
		Information.txt = Information.txt
	EndProjectSection
EndProject
Project("{9A19103F-16F7-4668-BE54-9A1E7A4F7556}") = "CRMView", "CRMView\CRMView.csproj", "{6F0726CB-0B58-4A53-9382-04FBD91D4CA6}"
EndProject
Project("{FAE04EC0-301F-11D3-BF4B-00C04F79EFBC}") = "Controllers", "Controllers\Controllers.csproj", "{41507CB6-EE03-4D63-BE9A-E08AA5584C91}"
EndProject
Project("{FAE04EC0-301F-11D3-BF4B-00C04F79EFBC}") = "ControllersTests", "ControllersTests\ControllersTests.csproj", "{D927840B-8B27-4661-AFF8-8A71C93EE63B}"
EndProject
Global
	GlobalSection(SolutionConfigurationPlatforms) = preSolution
		Debug|Any CPU = Debug|Any CPU
		Release|Any CPU = Release|Any CPU
	EndGlobalSection
	GlobalSection(ProjectConfigurationPlatforms) = postSolution
		{AA48B9FE-1D3A-461A-9EA4-A2625B6E40B2}.Debug|Any CPU.ActiveCfg = Debug|Any CPU
		{AA48B9FE-1D3A-461A-9EA4-A2625B6E40B2}.Debug|Any CPU.Build.0 = Debug|Any CPU
		{AA48B9FE-1D3A-461A-9EA4-A2625B6E40B2}.Release|Any CPU.ActiveCfg = Release|Any CPU
		{AA48B9FE-1D3A-461A-9EA4-A2625B6E40B2}.Release|Any CPU.Build.0 = Release|Any CPU
		{6F0726CB-0B58-4A53-9382-04FBD91D4CA6}.Debug|Any CPU.ActiveCfg = Debug|Any CPU
		{6F0726CB-0B58-4A53-9382-04FBD91D4CA6}.Debug|Any CPU.Build.0 = Debug|Any CPU
		{6F0726CB-0B58-4A53-9382-04FBD91D4CA6}.Release|Any CPU.ActiveCfg = Release|Any CPU
		{6F0726CB-0B58-4A53-9382-04FBD91D4CA6}.Release|Any CPU.Build.0 = Release|Any CPU
		{41507CB6-EE03-4D63-BE9A-E08AA5584C91}.Debug|Any CPU.ActiveCfg = Debug|Any CPU
		{41507CB6-EE03-4D63-BE9A-E08AA5584C91}.Debug|Any CPU.Build.0 = Debug|Any CPU
		{41507CB6-EE03-4D63-BE9A-E08AA5584C91}.Release|Any CPU.ActiveCfg = Release|Any CPU
		{41507CB6-EE03-4D63-BE9A-E08AA5584C91}.Release|Any CPU.Build.0 = Release|Any CPU
		{D927840B-8B27-4661-AFF8-8A71C93EE63B}.Debug|Any CPU.ActiveCfg = Debug|Any CPU
		{D927840B-8B27-4661-AFF8-8A71C93EE63B}.Debug|Any CPU.Build.0 = Debug|Any CPU
		{D927840B-8B27-4661-AFF8-8A71C93EE63B}.Release|Any CPU.ActiveCfg = Release|Any CPU
		{D927840B-8B27-4661-AFF8-8A71C93EE63B}.Release|Any CPU.Build.0 = Release|Any CPU
	EndGlobalSection
	GlobalSection(SolutionProperties) = preSolution
		HideSolutionNode = FALSE
	EndGlobalSection
	GlobalSection(ExtensibilityGlobals) = postSolution
		SolutionGuid = {ED3CDA0D-FE6C-40B9-B828-8B68B020BFDC}
	EndGlobalSection
EndGlobal
